
Microsoft Visual Studio Solution File, Format Version 12.00
# Visual Studio Version 17
VisualStudioVersion = 17.8.34511.84
MinimumVisualStudioVersion = 10.0.40219.1
Project("{FAE04EC0-301F-11D3-BF4B-00C04F79EFBC}") = "SpaceEngineers", "SpaceEngineers\SpaceEngineers.csproj", "{C21C9BBE-A6D6-451B-BD54-23F125A2F7B9}"
EndProject
Global
	GlobalSection(SolutionConfigurationPlatforms) = preSolution
		Debug|Any CPU = Debug|Any CPU
		Release|Any CPU = Release|Any CPU
	EndGlobalSection
	GlobalSection(ProjectConfigurationPlatforms) = postSolution
		{C21C9BBE-A6D6-451B-BD54-23F125A2F7B9}.Debug|Any CPU.ActiveCfg = Debug|Any CPU
		{C21C9BBE-A6D6-451B-BD54-23F125A2F7B9}.Debug|Any CPU.Build.0 = Debug|Any CPU
		{C21C9BBE-A6D6-451B-BD54-23F125A2F7B9}.Release|Any CPU.ActiveCfg = Release|Any CPU
		{C21C9BBE-A6D6-451B-BD54-23F125A2F7B9}.Release|Any CPU.Build.0 = Release|Any CPU
	EndGlobalSection
	GlobalSection(SolutionProperties) = preSolution
		HideSolutionNode = FALSE
	EndGlobalSection
	GlobalSection(ExtensibilityGlobals) = postSolution
		SolutionGuid = {E5BABAF2-36DA-4887-AFED-812C5E35967B}
	EndGlobalSection
EndGlobal
